
Microsoft Visual Studio Solution File, Format Version 12.00
# Visual Studio Version 16
VisualStudioVersion = 16.0.31205.134
MinimumVisualStudioVersion = 10.0.40219.1
Project("{888888A0-9F3D-457C-B088-3A5042F75D52}") = "reader", "reader\reader.pyproj", "{B84DC2AA-3FC9-4422-A16E-84740D218F22}"
EndProject
Global
	GlobalSection(SolutionConfigurationPlatforms) = preSolution
		Debug|Any CPU = Debug|Any CPU
		Release|Any CPU = Release|Any CPU
	EndGlobalSection
	GlobalSection(ProjectConfigurationPlatforms) = postSolution
		{B84DC2AA-3FC9-4422-A16E-84740D218F22}.Debug|Any CPU.ActiveCfg = Debug|Any CPU
		{B84DC2AA-3FC9-4422-A16E-84740D218F22}.Release|Any CPU.ActiveCfg = Release|Any CPU
	EndGlobalSection
	GlobalSection(SolutionProperties) = preSolution
		HideSolutionNode = FALSE
	EndGlobalSection
	GlobalSection(ExtensibilityGlobals) = postSolution
		SolutionGuid = {4E2102D7-EB88-4AF9-A7A4-5E20A84A1CCB}
	EndGlobalSection
EndGlobal
